
Microsoft Visual Studio Solution File, Format Version 12.00
# Visual Studio Version 17
VisualStudioVersion = 17.10.35122.118
MinimumVisualStudioVersion = 10.0.40219.1
Project("{FAE04EC0-301F-11D3-BF4B-00C04F79EFBC}") = "EcommerceAPR", "EcommerceAPR.csproj", "{2ADB8349-D6D9-48A4-B2EE-F45D488FC038}"
EndProject
Global
	GlobalSection(SolutionConfigurationPlatforms) = preSolution
		Debug|Any CPU = Debug|Any CPU
		Release|Any CPU = Release|Any CPU
	EndGlobalSection
	GlobalSection(ProjectConfigurationPlatforms) = postSolution
		{2ADB8349-D6D9-48A4-B2EE-F45D488FC038}.Debug|Any CPU.ActiveCfg = Debug|Any CPU
		{2ADB8349-D6D9-48A4-B2EE-F45D488FC038}.Debug|Any CPU.Build.0 = Debug|Any CPU
		{2ADB8349-D6D9-48A4-B2EE-F45D488FC038}.Release|Any CPU.ActiveCfg = Release|Any CPU
		{2ADB8349-D6D9-48A4-B2EE-F45D488FC038}.Release|Any CPU.Build.0 = Release|Any CPU
	EndGlobalSection
	GlobalSection(SolutionProperties) = preSolution
		HideSolutionNode = FALSE
	EndGlobalSection
	GlobalSection(ExtensibilityGlobals) = postSolution
		SolutionGuid = {568AC84A-9927-42E2-B5BF-05C8C18913E3}
	EndGlobalSection
EndGlobal
